
Microsoft Visual Studio Solution File, Format Version 12.00
# Visual Studio Version 16
VisualStudioVersion = 16.0.30804.86
MinimumVisualStudioVersion = 10.0.40219.1
Project("{9A19103F-16F7-4668-BE54-9A1E7A4F7556}") = "cssarpAssignment", "cssarpAssignment\cssarpAssignment.csproj", "{C6083BC6-EA1B-483B-A845-86F0DF105781}"
EndProject
Project("{FAE04EC0-301F-11D3-BF4B-00C04F79EFBC}") = "cssarpAssignment.Tests", "cssarpAssignment.Tests\cssarpAssignment.Tests.csproj", "{8746510F-9C7B-46DF-8F7C-1C7B77D85B1B}"
EndProject
Global
	GlobalSection(SolutionConfigurationPlatforms) = preSolution
		Debug|Any CPU = Debug|Any CPU
		Release|Any CPU = Release|Any CPU
	EndGlobalSection
	GlobalSection(ProjectConfigurationPlatforms) = postSolution
		{C6083BC6-EA1B-483B-A845-86F0DF105781}.Debug|Any CPU.ActiveCfg = Debug|Any CPU
		{C6083BC6-EA1B-483B-A845-86F0DF105781}.Debug|Any CPU.Build.0 = Debug|Any CPU
		{C6083BC6-EA1B-483B-A845-86F0DF105781}.Release|Any CPU.ActiveCfg = Release|Any CPU
		{C6083BC6-EA1B-483B-A845-86F0DF105781}.Release|Any CPU.Build.0 = Release|Any CPU
		{8746510F-9C7B-46DF-8F7C-1C7B77D85B1B}.Debug|Any CPU.ActiveCfg = Debug|Any CPU
		{8746510F-9C7B-46DF-8F7C-1C7B77D85B1B}.Debug|Any CPU.Build.0 = Debug|Any CPU
		{8746510F-9C7B-46DF-8F7C-1C7B77D85B1B}.Release|Any CPU.ActiveCfg = Release|Any CPU
		{8746510F-9C7B-46DF-8F7C-1C7B77D85B1B}.Release|Any CPU.Build.0 = Release|Any CPU
	EndGlobalSection
	GlobalSection(SolutionProperties) = preSolution
		HideSolutionNode = FALSE
	EndGlobalSection
	GlobalSection(ExtensibilityGlobals) = postSolution
		SolutionGuid = {2E3D1B4D-B2F6-4AED-9927-52A339A81967}
	EndGlobalSection
EndGlobal
