
Microsoft Visual Studio Solution File, Format Version 12.00
# Visual Studio Version 16
VisualStudioVersion = 16.0.30804.86
MinimumVisualStudioVersion = 10.0.40219.1
Project("{FAE04EC0-301F-11D3-BF4B-00C04F79EFBC}") = "ElectricityBillTestCase", "ElectricityBillTestCase\ElectricityBillTestCase.csproj", "{965672BF-3C59-42F2-B973-7C0358484431}"
EndProject
Project("{FAE04EC0-301F-11D3-BF4B-00C04F79EFBC}") = "ElectricityBillTestCase.Tests", "ElectricityBillTestCase.Tests\ElectricityBillTestCase.Tests.csproj", "{1A4CA242-9371-4837-889F-20E4C7E9E899}"
EndProject
Global
	GlobalSection(SolutionConfigurationPlatforms) = preSolution
		Debug|Any CPU = Debug|Any CPU
		Release|Any CPU = Release|Any CPU
	EndGlobalSection
	GlobalSection(ProjectConfigurationPlatforms) = postSolution
		{965672BF-3C59-42F2-B973-7C0358484431}.Debug|Any CPU.ActiveCfg = Debug|Any CPU
		{965672BF-3C59-42F2-B973-7C0358484431}.Debug|Any CPU.Build.0 = Debug|Any CPU
		{965672BF-3C59-42F2-B973-7C0358484431}.Release|Any CPU.ActiveCfg = Release|Any CPU
		{965672BF-3C59-42F2-B973-7C0358484431}.Release|Any CPU.Build.0 = Release|Any CPU
		{1A4CA242-9371-4837-889F-20E4C7E9E899}.Debug|Any CPU.ActiveCfg = Debug|Any CPU
		{1A4CA242-9371-4837-889F-20E4C7E9E899}.Debug|Any CPU.Build.0 = Debug|Any CPU
		{1A4CA242-9371-4837-889F-20E4C7E9E899}.Release|Any CPU.ActiveCfg = Release|Any CPU
		{1A4CA242-9371-4837-889F-20E4C7E9E899}.Release|Any CPU.Build.0 = Release|Any CPU
	EndGlobalSection
	GlobalSection(SolutionProperties) = preSolution
		HideSolutionNode = FALSE
	EndGlobalSection
	GlobalSection(ExtensibilityGlobals) = postSolution
		SolutionGuid = {7827D93D-77DC-48FD-ADFE-CC793F00CB16}
	EndGlobalSection
EndGlobal
